{
    "_meta": {
        "hash": {
            "sha256": "9f82397a756e9c6422129c5f511ae3128b3a7cdc7a037431e28c6d5b520c74df"
        },
        "pipfile-spec": 6,
        "requires": {
            "python_version": "3.11"
        },
        "sources": [
            {
                "name": "pypi",
                "url": "https://pypi.org/simple",
                "verify_ssl": true
            }
        ]
    },
    "default": {
        "asgiref": {
            "hashes": [
                "sha256:89b2ef2247e3b562a16eef663bc0e2e703ec6468e2fa8a5cd61cd449786d4f6e",
                "sha256:9e0ce3aa93a819ba5b45120216b23878cf6e8525eb3848653452b4192b92afed"
            ],
            "markers": "python_version >= '3.7'",
            "version": "==3.7.2"
        },
        "beautifulsoup4": {
            "hashes": [
                "sha256:74e3d1928edc070d21748185c46e3fb33490f22f52a3addee9aee0f4f7781051",
                "sha256:b80878c9f40111313e55da8ba20bdba06d8fa3969fc68304167741bbf9e082ed"
            ],
            "markers": "python_full_version >= '3.6.0'",
            "version": "==4.12.3"
        },
        "crispy-bootstrap5": {
            "hashes": [
                "sha256:9b5a6c9880f37cd32aa678c0d7576ae60b3e502c444c8712e582f8bd91659afb",
                "sha256:f16c44f1997310e5a89c0cf230402e7111cc1f942f64fb7e44603958b89b06a1"
            ],
            "index": "pypi",
            "markers": "python_version >= '3.8'",
            "version": "==2023.10"
        },
        "django": {
            "hashes": [
                "sha256:12498cc3cb8bc8038539fef9e90e95f507502436c1f0c3a673411324fa675d14",
                "sha256:2cc2fc7d1708ada170ddd6c99f35cc25db664f165d3794bc7723f46b2f8c8984"
            ],
            "index": "pypi",
            "markers": "python_version >= '3.8'",
            "version": "==4.2.9"
        },
        "django-bootstrap-v5": {
            "hashes": [
                "sha256:2d431308859ce3cab7729bb09c76039059cd5fbdd34484da82c4c7f8d49da3a2",
                "sha256:a207aa804938164c8450bbbef4faaba6d2093b3236000557a50f3bd44b53d268"
            ],
            "index": "pypi",
            "markers": "python_version >= '3.6' and python_version < '4.0'",
            "version": "==1.0.11"
        },
        "django-crispy-forms": {
            "hashes": [
                "sha256:4d7ec431933ad4d4b5c5a6de4a584d24613c347db9ac168723c9aaf63af4bb96",
                "sha256:d592044771412ae1bd539cc377203aa61d4eebe77fcbc07fbc8f12d3746d4f6b"
            ],
            "index": "pypi",
            "markers": "python_version >= '3.8'",
            "version": "==2.1"
        },
        "soupsieve": {
            "hashes": [
                "sha256:5663d5a7b3bfaeee0bc4372e7fc48f9cff4940b3eec54a6451cc5299f1097690",
                "sha256:eaa337ff55a1579b6549dc679565eac1e3d000563bcb1c8ab0d0fefbc0c2cdc7"
            ],
            "markers": "python_version >= '3.8'",
            "version": "==2.5"
        },
        "sqlparse": {
            "hashes": [
                "sha256:5430a4fe2ac7d0f93e66f1efc6e1338a41884b7ddf2a350cedd20ccc4d9d28f3",
                "sha256:d446183e84b8349fa3061f0fe7f06ca94ba65b426946ffebe6e3e8295332420c"
            ],
            "markers": "python_version >= '3.5'",
            "version": "==0.4.4"
        }
    },
    "develop": {}
}
